
Microsoft Visual Studio Solution File, Format Version 12.00
# Visual Studio Version 17
VisualStudioVersion = 17.6.33829.357
MinimumVisualStudioVersion = 10.0.40219.1
Project("{9A19103F-16F7-4668-BE54-9A1E7A4F7556}") = "TranslationAPI", "TranslationAPI\TranslationAPI.csproj", "{90369A2D-8BAB-4954-BE13-CB8BA9D2F368}"
EndProject
Project("{FAE04EC0-301F-11D3-BF4B-00C04F79EFBC}") = "Translation.Models", "Translation.Models\Translation.Models.csproj", "{A7082F1D-54CC-44BE-BA52-6BDF20265BAC}"
EndProject
Project("{FAE04EC0-301F-11D3-BF4B-00C04F79EFBC}") = "TranslationEngine", "TranslationEngine\TranslationEngine.csproj", "{27EBE379-A347-4F5A-BA0D-397748EC6718}"
EndProject
Project("{FAE04EC0-301F-11D3-BF4B-00C04F79EFBC}") = "TranslationEngine.BLL", "TranslationEngine.BLL\TranslationEngine.BLL.csproj", "{451E7EEF-CDD9-451F-9B78-F0530B4189DA}"
EndProject
Project("{FAE04EC0-301F-11D3-BF4B-00C04F79EFBC}") = "TranslationEngine.DAL", "TranslationEngine.DAL\TranslationEngine.DAL.csproj", "{960F0E16-D4E6-4C6D-9082-1F01A55AF5B4}"
EndProject
Global
	GlobalSection(SolutionConfigurationPlatforms) = preSolution
		Debug|Any CPU = Debug|Any CPU
		Release|Any CPU = Release|Any CPU
	EndGlobalSection
	GlobalSection(ProjectConfigurationPlatforms) = postSolution
		{90369A2D-8BAB-4954-BE13-CB8BA9D2F368}.Debug|Any CPU.ActiveCfg = Debug|Any CPU
		{90369A2D-8BAB-4954-BE13-CB8BA9D2F368}.Debug|Any CPU.Build.0 = Debug|Any CPU
		{90369A2D-8BAB-4954-BE13-CB8BA9D2F368}.Release|Any CPU.ActiveCfg = Release|Any CPU
		{90369A2D-8BAB-4954-BE13-CB8BA9D2F368}.Release|Any CPU.Build.0 = Release|Any CPU
		{A7082F1D-54CC-44BE-BA52-6BDF20265BAC}.Debug|Any CPU.ActiveCfg = Debug|Any CPU
		{A7082F1D-54CC-44BE-BA52-6BDF20265BAC}.Debug|Any CPU.Build.0 = Debug|Any CPU
		{A7082F1D-54CC-44BE-BA52-6BDF20265BAC}.Release|Any CPU.ActiveCfg = Release|Any CPU
		{A7082F1D-54CC-44BE-BA52-6BDF20265BAC}.Release|Any CPU.Build.0 = Release|Any CPU
		{27EBE379-A347-4F5A-BA0D-397748EC6718}.Debug|Any CPU.ActiveCfg = Debug|Any CPU
		{27EBE379-A347-4F5A-BA0D-397748EC6718}.Debug|Any CPU.Build.0 = Debug|Any CPU
		{27EBE379-A347-4F5A-BA0D-397748EC6718}.Release|Any CPU.ActiveCfg = Release|Any CPU
		{27EBE379-A347-4F5A-BA0D-397748EC6718}.Release|Any CPU.Build.0 = Release|Any CPU
		{451E7EEF-CDD9-451F-9B78-F0530B4189DA}.Debug|Any CPU.ActiveCfg = Debug|Any CPU
		{451E7EEF-CDD9-451F-9B78-F0530B4189DA}.Debug|Any CPU.Build.0 = Debug|Any CPU
		{451E7EEF-CDD9-451F-9B78-F0530B4189DA}.Release|Any CPU.ActiveCfg = Release|Any CPU
		{451E7EEF-CDD9-451F-9B78-F0530B4189DA}.Release|Any CPU.Build.0 = Release|Any CPU
		{960F0E16-D4E6-4C6D-9082-1F01A55AF5B4}.Debug|Any CPU.ActiveCfg = Debug|Any CPU
		{960F0E16-D4E6-4C6D-9082-1F01A55AF5B4}.Debug|Any CPU.Build.0 = Debug|Any CPU
		{960F0E16-D4E6-4C6D-9082-1F01A55AF5B4}.Release|Any CPU.ActiveCfg = Release|Any CPU
		{960F0E16-D4E6-4C6D-9082-1F01A55AF5B4}.Release|Any CPU.Build.0 = Release|Any CPU
	EndGlobalSection
	GlobalSection(SolutionProperties) = preSolution
		HideSolutionNode = FALSE
	EndGlobalSection
	GlobalSection(ExtensibilityGlobals) = postSolution
		SolutionGuid = {271F2958-2049-4712-86D4-947B401E947A}
	EndGlobalSection
EndGlobal
